<?xml version="1.0" encoding="utf-8"?>
<Project ToolsVersion="4.0" xmlns="http://schemas.microsoft.com/developer/msbuild/2003">
  <ItemGroup>
    <Filter Include="소스 파일">
      <UniqueIdentifier>{4FC737F1-C7A5-4376-A066-2A32D752A2FF}</UniqueIdentifier>
      <Extensions>cpp;c;cc;cxx;def;odl;idl;hpj;bat;asm;asmx</Extensions>
    </Filter>
    <Filter Include="헤더 파일">
      <UniqueIdentifier>{93995380-89BD-4b04-88EB-625FBE52EBFB}</UniqueIdentifier>
      <Extensions>h;hh;hpp;hxx;hm;inl;inc;ipp;xsd</Extensions>
    </Filter>
    <Filter Include="리소스 파일">
      <UniqueIdentifier>{67DA6AB6-F800-4c08-8B7A-83BB121AAD01}</UniqueIdentifier>
      <Extensions>rc;ico;cur;bmp;dlg;rc2;rct;bin;rgs;gif;jpg;jpeg;jpe;resx;tiff;tif;png;wav;mfcribbon-ms</Extensions>
    </Filter>
    <Filter Include="소스 파일\Product">
      <UniqueIdentifier>{e91403de-cd50-46f8-9733-bc866a2e200c}</UniqueIdentifier>
    </Filter>
    <Filter Include="헤더 파일\Product">
      <UniqueIdentifier>{c54d9579-7bcd-4ac1-9ba8-84e0cd9d8495}</UniqueIdentifier>
    </Filter>
    <Filter Include="소스 파일\Creator">
      <UniqueIdentifier>{8a222f76-d6ff-47f2-b113-a16e86d5a47b}</UniqueIdentifier>
    </Filter>
    <Filter Include="헤더 파일\Creator">
      <UniqueIdentifier>{e6f131ae-d0fe-460e-88e0-d0cf2ab61641}</UniqueIdentifier>
    </Filter>
  </ItemGroup>
  <ItemGroup>
    <ClCompile Include="main.cpp">
      <Filter>소스 파일</Filter>
    </ClCompile>
    <ClCompile Include="Product1.cpp">
      <Filter>소스 파일\Product</Filter>
    </ClCompile>
    <ClCompile Include="Product2.cpp">
      <Filter>소스 파일\Product</Filter>
    </ClCompile>
    <ClCompile Include="Creator.cpp">
      <Filter>소스 파일\Creator</Filter>
    </ClCompile>
    <ClCompile Include="Creator1.cpp">
      <Filter>소스 파일\Creator</Filter>
    </ClCompile>
    <ClCompile Include="Creator2.cpp">
      <Filter>소스 파일\Creator</Filter>
    </ClCompile>
    <ClCompile Include="Creator3.cpp">
      <Filter>소스 파일\Creator</Filter>
    </ClCompile>
    <ClCompile Include="Product3.cpp">
      <Filter>소스 파일\Product</Filter>
    </ClCompile>
    <ClCompile Include="Product4.cpp">
      <Filter>소스 파일\Product</Filter>
    </ClCompile>
    <ClCompile Include="Creator4.cpp">
      <Filter>소스 파일\Creator</Filter>
    </ClCompile>
  </ItemGroup>
  <ItemGroup>
    <ClInclude Include="IProduct.h">
      <Filter>헤더 파일\Product</Filter>
    </ClInclude>
    <ClInclude Include="Product1.h">
      <Filter>헤더 파일\Product</Filter>
    </ClInclude>
    <ClInclude Include="Product2.h">
      <Filter>헤더 파일\Product</Filter>
    </ClInclude>
    <ClInclude Include="Creator1.h">
      <Filter>헤더 파일\Creator</Filter>
    </ClInclude>
    <ClInclude Include="Creator.h">
      <Filter>헤더 파일\Creator</Filter>
    </ClInclude>
    <ClInclude Include="Creator2.h">
      <Filter>헤더 파일\Creator</Filter>
    </ClInclude>
    <ClInclude Include="Creator3.h">
      <Filter>헤더 파일\Creator</Filter>
    </ClInclude>
    <ClInclude Include="Product3.h">
      <Filter>헤더 파일\Product</Filter>
    </ClInclude>
    <ClInclude Include="Creator4.h">
      <Filter>헤더 파일\Creator</Filter>
    </ClInclude>
    <ClInclude Include="Product4.h">
      <Filter>헤더 파일\Product</Filter>
    </ClInclude>
  </ItemGroup>
</Project>